<?xml version="1.0" encoding="UTF-8" standalone="yes" ?>
<CodeBlocks_project_file>
	<FileVersion major="1" minor="6" />
	<Project>
		<Option title="piScope" />
		<Option platforms="" />
		<Option makefile_is_custom="1" />
		<Option pch_mode="2" />
		<Option compiler="gnu_gcc_compiler_for_raspberry_pi" />
		<Build>
			<Target title="Debug">
				<Option output="bin/Debug/piScope" prefix_auto="1" extension_auto="1" />
				<Option object_output="obj/Debug/" />
				<Option type="1" />
				<Option compiler="gnu_gcc_compiler_for_raspberry_pi" />
				<Compiler>
					<Add option="-g" />
					<Add option="-DDEBUG" />
				</Compiler>
			</Target>
			<Target title="Release">
				<Option output="bin/Release/piScope" prefix_auto="1" extension_auto="1" />
				<Option object_output="obj/Release/" />
				<Option type="1" />
				<Option compiler="gnu_gcc_compiler_for_raspberry_pi" />
				<Compiler>
					<Add option="-O2" />
					<Add option="-DNDEBUG" />
				</Compiler>
				<Linker>
					<Add option="-s" />
				</Linker>
			</Target>
		</Build>
		<Compiler>
			<Add option="-Wall" />
		</Compiler>
		<Unit filename="../git-i2cdevlib/RaspberryPi_bcm2835/LSM9DS1/LSM9DS1.cpp" />
		<Unit filename="../git-i2cdevlib/RaspberryPi_bcm2835/LSM9DS1/LSM9DS1.h" />
		<Unit filename=".gitignore" />
		<Unit filename="LICENSE" />
		<Unit filename="Makefile" />
		<Unit filename="README.md" />
		<Unit filename="source/AstroTime.cpp" />
		<Unit filename="source/AstroTime.hpp" />
		<Unit filename="source/AstroVector.cpp" />
		<Unit filename="source/AstroVector.hpp" />
		<Unit filename="source/I2Csensor.cpp" />
		<Unit filename="source/I2Csensor.hpp" />
		<Unit filename="source/IMU.cpp" />
		<Unit filename="source/IMU.hpp" />
		<Unit filename="source/Location.cpp" />
		<Unit filename="source/Location.hpp" />
		<Unit filename="source/LogFile.cpp" />
		<Unit filename="source/LogFile.hpp" />
		<Unit filename="source/MACROS.h" />
		<Unit filename="source/Makefile" />
		<Unit filename="source/Telescope.cpp" />
		<Unit filename="source/Telescope.hpp" />
		<Unit filename="source/TimeStamp.cpp" />
		<Unit filename="source/TimeStamp.hpp" />
		<Unit filename="source/Vector3D.cpp" />
		<Unit filename="source/Vector3D.hpp" />
		<Unit filename="source/i2c-dev.h" />
		<Unit filename="source/test-i2c.cpp" />
		<Unit filename="source/test-vector.cpp" />
		<Extensions>
			<code_completion />
			<envvars />
			<debugger />
			<lib_finder disable_auto="1" />
		</Extensions>
	</Project>
</CodeBlocks_project_file>
